// !$*UTF8*$!
{
	archiveVersion = 1;
	classes = {
	};
	objectVersion = 46;
	objects = {

/* Begin PBXBuildFile section */
		0AF2548D150DE83E000922AC /* UIKit.framework in Frameworks */ = {isa = PBXBuildFile; fileRef = 0AF2548C150DE83E000922AC /* UIKit.framework */; };
		0AF2548F150DE83E000922AC /* Foundation.framework in Frameworks */ = {isa = PBXBuildFile; fileRef = 0AF2548E150DE83E000922AC /* Foundation.framework */; };
		0AF25491150DE83E000922AC /* CoreGraphics.framework in Frameworks */ = {isa = PBXBuildFile; fileRef = 0AF25490150DE83E000922AC /* CoreGraphics.framework */; };
		0AF25497150DE83E000922AC /* InfoPlist.strings in Resources */ = {isa = PBXBuildFile; fileRef = 0AF25495150DE83E000922AC /* InfoPlist.strings */; };
		0AF25499150DE83E000922AC /* main.m in Sources */ = {isa = PBXBuildFile; fileRef = 0AF25498150DE83E000922AC /* main.m */; };
		0AF2549D150DE83E000922AC /* AppDelegate.m in Sources */ = {isa = PBXBuildFile; fileRef = 0AF2549C150DE83E000922AC /* AppDelegate.m */; };
		0AF254A5150DE83E000922AC /* SenTestingKit.framework in Frameworks */ = {isa = PBXBuildFile; fileRef = 0AF254A4150DE83E000922AC /* SenTestingKit.framework */; };
		0AF254A6150DE83E000922AC /* UIKit.framework in Frameworks */ = {isa = PBXBuildFile; fileRef = 0AF2548C150DE83E000922AC /* UIKit.framework */; };
		0AF254A7150DE83E000922AC /* Foundation.framework in Frameworks */ = {isa = PBXBuildFile; fileRef = 0AF2548E150DE83E000922AC /* Foundation.framework */; };
		0AF254AF150DE83E000922AC /* InfoPlist.strings in Resources */ = {isa = PBXBuildFile; fileRef = 0AF254AD150DE83E000922AC /* InfoPlist.strings */; };
		0AF254B2150DE83E000922AC /* OFLunchTests.m in Sources */ = {isa = PBXBuildFile; fileRef = 0AF254B1150DE83E000922AC /* OFLunchTests.m */; };
/* End PBXBuildFile section */

/* Begin PBXContainerItemProxy section */
		0AF254A8150DE83E000922AC /* PBXContainerItemProxy */ = {
			isa = PBXContainerItemProxy;
			containerPortal = 0AF2547F150DE83E000922AC /* Project object */;
			proxyType = 1;
			remoteGlobalIDString = 0AF25487150DE83E000922AC;
			remoteInfo = OFLunch;
		};
/* End PBXContainerItemProxy section */

/* Begin PBXFileReference section */
		0AF25488150DE83E000922AC /* OFLunch.app */ = {isa = PBXFileReference; explicitFileType = wrapper.application; includeInIndex = 0; path = OFLunch.app; sourceTree = BUILT_PRODUCTS_DIR; };
		0AF2548C150DE83E000922AC /* UIKit.framework */ = {isa = PBXFileReference; lastKnownFileType = wrapper.framework; name = UIKit.framework; path = System/Library/Frameworks/UIKit.framework; sourceTree = SDKROOT; };
		0AF2548E150DE83E000922AC /* Foundation.framework */ = {isa = PBXFileReference; lastKnownFileType = wrapper.framework; name = Foundation.framework; path = System/Library/Frameworks/Foundation.framework; sourceTree = SDKROOT; };
		0AF25490150DE83E000922AC /* CoreGraphics.framework */ = {isa = PBXFileReference; lastKnownFileType = wrapper.framework; name = CoreGraphics.framework; path = System/Library/Frameworks/CoreGraphics.framework; sourceTree = SDKROOT; };
		0AF25494150DE83E000922AC /* OFLunch-Info.plist */ = {isa = PBXFileReference; path = "OFLunch-Info.plist"; sourceTree = "<group>"; };
		0AF25496150DE83E000922AC /* en */ = {isa = PBXFileReference; lastKnownFileType = text.plist.strings; name = en; path = en.lproj/InfoPlist.strings; sourceTree = "<group>"; };
		0AF25498150DE83E000922AC /* main.m */ = {isa = PBXFileReference; lastKnownFileType = sourcecode.c.objc; path = main.m; sourceTree = "<group>"; };
		0AF2549A150DE83E000922AC /* OFLunch-Prefix.pch */ = {isa = PBXFileReference; path = "OFLunch-Prefix.pch"; sourceTree = "<group>"; };
		0AF2549B150DE83E000922AC /* AppDelegate.h */ = {isa = PBXFileReference; path = AppDelegate.h; sourceTree = "<group>"; };
		0AF2549C150DE83E000922AC /* AppDelegate.m */ = {isa = PBXFileReference; lastKnownFileType = sourcecode.c.objc; path = AppDelegate.m; sourceTree = "<group>"; };
		0AF254A3150DE83E000922AC /* OFLunchTests.octest */ = {isa = PBXFileReference; explicitFileType = wrapper.cfbundle; includeInIndex = 0; path = OFLunchTests.octest; sourceTree = BUILT_PRODUCTS_DIR; };
		0AF254A4150DE83E000922AC /* SenTestingKit.framework */ = {isa = PBXFileReference; lastKnownFileType = wrapper.framework; name = SenTestingKit.framework; path = Library/Frameworks/SenTestingKit.framework; sourceTree = DEVELOPER_DIR; };
		0AF254AC150DE83E000922AC /* OFLunchTests-Info.plist */ = {isa = PBXFileReference; path = "OFLunchTests-Info.plist"; sourceTree = "<group>"; };
		0AF254AE150DE83E000922AC /* en */ = {isa = PBXFileReference; lastKnownFileType = text.plist.strings; name = en; path = en.lproj/InfoPlist.strings; sourceTree = "<group>"; };
		0AF254B0150DE83E000922AC /* OFLunchTests.h */ = {isa = PBXFileReference; path = OFLunchTests.h; sourceTree = "<group>"; };
		0AF254B1150DE83E000922AC /* OFLunchTests.m */ = {isa = PBXFileReference; lastKnownFileType = sourcecode.c.objc; path = OFLunchTests.m; sourceTree = "<group>"; };
/* End PBXFileReference section */

/* Begin PBXFrameworksBuildPhase section */
		0AF25485150DE83E000922AC /* Frameworks */ = {
			isa = PBXFrameworksBuildPhase;
			buildActionMask = 2147483647;
			files = (
				0AF2548D150DE83E000922AC /* UIKit.framework in Frameworks */,
				0AF2548F150DE83E000922AC /* Foundation.framework in Frameworks */,
				0AF25491150DE83E000922AC /* CoreGraphics.framework in Frameworks */,
			);
			runOnlyForDeploymentPostprocessing = 0;
		};
		0AF2549F150DE83E000922AC /* Frameworks */ = {
			isa = PBXFrameworksBuildPhase;
			buildActionMask = 2147483647;
			files = (
				0AF254A5150DE83E000922AC /* SenTestingKit.framework in Frameworks */,
				0AF254A6150DE83E000922AC /* UIKit.framework in Frameworks */,
				0AF254A7150DE83E000922AC /* Foundation.framework in Frameworks */,
			);
			runOnlyForDeploymentPostprocessing = 0;
		};
/* End PBXFrameworksBuildPhase section */

/* Begin PBXGroup section */
		0AF2547D150DE83E000922AC = {
			isa = PBXGroup;
			children = (
				0AF25492150DE83E000922AC /* OFLunch */,
				0AF254AA150DE83E000922AC /* OFLunchTests */,
				0AF2548B150DE83E000922AC /* Frameworks */,
				0AF25489150DE83E000922AC /* Products */,
			);
			sourceTree = "<group>";
		};
		0AF25489150DE83E000922AC /* Products */ = {
			isa = PBXGroup;
			children = (
				0AF25488150DE83E000922AC /* OFLunch.app */,
				0AF254A3150DE83E000922AC /* OFLunchTests.octest */,
			);
			name = Products;
			sourceTree = "<group>";
		};
		0AF2548B150DE83E000922AC /* Frameworks */ = {
			isa = PBXGroup;
			children = (
				0AF2548C150DE83E000922AC /* UIKit.framework */,
				0AF2548E150DE83E000922AC /* Foundation.framework */,
				0AF25490150DE83E000922AC /* CoreGraphics.framework */,
				0AF254A4150DE83E000922AC /* SenTestingKit.framework */,
			);
			name = Frameworks;
			sourceTree = "<group>";
		};
		0AF25492150DE83E000922AC /* OFLunch */ = {
			isa = PBXGroup;
			children = (
				0AF2549B150DE83E000922AC /* AppDelegate.h */,
				0AF2549C150DE83E000922AC /* AppDelegate.m */,
				0AF25493150DE83E000922AC /* Supporting Files */,
			);
			path = OFLunch;
			sourceTree = "<group>";
		};
		0AF25493150DE83E000922AC /* Supporting Files */ = {
			isa = PBXGroup;
			children = (
				0AF25494150DE83E000922AC /* OFLunch-Info.plist */,
				0AF25495150DE83E000922AC /* InfoPlist.strings */,
				0AF25498150DE83E000922AC /* main.m */,
				0AF2549A150DE83E000922AC /* OFLunch-Prefix.pch */,
			);
			name = "Supporting Files";
			sourceTree = "<group>";
		};
		0AF254AA150DE83E000922AC /* OFLunchTests */ = {
			isa = PBXGroup;
			children = (
				0AF254B0150DE83E000922AC /* OFLunchTests.h */,
				0AF254B1150DE83E000922AC /* OFLunchTests.m */,
				0AF254AB150DE83E000922AC /* Supporting Files */,
			);
			path = OFLunchTests;
			sourceTree = "<group>";
		};
		0AF254AB150DE83E000922AC /* Supporting Files */ = {
			isa = PBXGroup;
			children = (
				0AF254AC150DE83E000922AC /* OFLunchTests-Info.plist */,
				0AF254AD150DE83E000922AC /* InfoPlist.strings */,
			);
			name = "Supporting Files";
			sourceTree = "<group>";
		};
/* End PBXGroup section */

/* Begin PBXNativeTarget section */
		0AF25487150DE83E000922AC /* OFLunch */ = {
			isa = PBXNativeTarget;
			buildConfigurationList = 0AF254B5150DE83E000922AC /* Build configuration list for PBXNativeTarget "OFLunch" */;
			buildPhases = (
				0AF25484150DE83E000922AC /* Sources */,
				0AF25485150DE83E000922AC /* Frameworks */,
				0AF25486150DE83E000922AC /* Resources */,
			);
			buildRules = (
			);
			dependencies = (
			);
			name = OFLunch;
			productName = OFLunch;
			productReference = 0AF25488150DE83E000922AC /* OFLunch.app */;
			productType = "com.apple.product-type.application";
		};
		0AF254A2150DE83E000922AC /* OFLunchTests */ = {
			isa = PBXNativeTarget;
			buildConfigurationList = 0AF254B8150DE83E000922AC /* Build configuration list for PBXNativeTarget "OFLunchTests" */;
			buildPhases = (
				0AF2549E150DE83E000922AC /* Sources */,
				0AF2549F150DE83E000922AC /* Frameworks */,
				0AF254A0150DE83E000922AC /* Resources */,
				0AF254A1150DE83E000922AC /* ShellScript */,
			);
			buildRules = (
			);
			dependencies = (
				0AF254A9150DE83E000922AC /* PBXTargetDependency */,
			);
			name = OFLunchTests;
			productName = OFLunchTests;
			productReference = 0AF254A3150DE83E000922AC /* OFLunchTests.octest */;
			productType = "com.apple.product-type.bundle";
		};
/* End PBXNativeTarget section */

/* Begin PBXProject section */
		0AF2547F150DE83E000922AC /* Project object */ = {
			isa = PBXProject;
			attributes = {
				LastUpgradeCheck = 0420;
			};
			buildConfigurationList = 0AF25482150DE83E000922AC /* Build configuration list for PBXProject "OFLunch" */;
			compatibilityVersion = "Xcode 3.2";
			developmentRegion = English;
			hasScannedForEncodings = 0;
			knownRegions = (
				en,
			);
			mainGroup = 0AF2547D150DE83E000922AC;
			productRefGroup = 0AF25489150DE83E000922AC /* Products */;
			projectDirPath = "";
			projectRoot = "";
			targets = (
				0AF25487150DE83E000922AC /* OFLunch */,
				0AF254A2150DE83E000922AC /* OFLunchTests */,
			);
		};
/* End PBXProject section */

/* Begin PBXResourcesBuildPhase section */
		0AF25486150DE83E000922AC /* Resources */ = {
			isa = PBXResourcesBuildPhase;
			buildActionMask = 2147483647;
			files = (
				0AF25497150DE83E000922AC /* InfoPlist.strings in Resources */,
			);
			runOnlyForDeploymentPostprocessing = 0;
		};
		0AF254A0150DE83E000922AC /* Resources */ = {
			isa = PBXResourcesBuildPhase;
			buildActionMask = 2147483647;
			files = (
				0AF254AF150DE83E000922AC /* InfoPlist.strings in Resources */,
			);
			runOnlyForDeploymentPostprocessing = 0;
		};
/* End PBXResourcesBuildPhase section */

/* Begin PBXShellScriptBuildPhase section */
		0AF254A1150DE83E000922AC /* ShellScript */ = {
			isa = PBXShellScriptBuildPhase;
			buildActionMask = 2147483647;
			files = (
			);
			inputPaths = (
			);
			outputPaths = (
			);
			runOnlyForDeploymentPostprocessing = 0;
			shellPath = /bin/sh;
			shellScript = "# Run the unit tests in this test bundle.\n\"${SYSTEM_DEVELOPER_DIR}/Tools/RunUnitTests\"\n";
		};
/* End PBXShellScriptBuildPhase section */

/* Begin PBXSourcesBuildPhase section */
		0AF25484150DE83E000922AC /* Sources */ = {
			isa = PBXSourcesBuildPhase;
			buildActionMask = 2147483647;
			files = (
				0AF25499150DE83E000922AC /* main.m in Sources */,
				0AF2549D150DE83E000922AC /* AppDelegate.m in Sources */,
			);
			runOnlyForDeploymentPostprocessing = 0;
		};
		0AF2549E150DE83E000922AC /* Sources */ = {
			isa = PBXSourcesBuildPhase;
			buildActionMask = 2147483647;
			files = (
				0AF254B2150DE83E000922AC /* OFLunchTests.m in Sources */,
			);
			runOnlyForDeploymentPostprocessing = 0;
		};
/* End PBXSourcesBuildPhase section */

/* Begin PBXTargetDependency section */
		0AF254A9150DE83E000922AC /* PBXTargetDependency */ = {
			isa = PBXTargetDependency;
			target = 0AF25487150DE83E000922AC /* OFLunch */;
			targetProxy = 0AF254A8150DE83E000922AC /* PBXContainerItemProxy */;
		};
/* End PBXTargetDependency section */

/* Begin PBXVariantGroup section */
		0AF25495150DE83E000922AC /* InfoPlist.strings */ = {
			isa = PBXVariantGroup;
			children = (
				0AF25496150DE83E000922AC /* en */,
			);
			name = InfoPlist.strings;
			sourceTree = "<group>";
		};
		0AF254AD150DE83E000922AC /* InfoPlist.strings */ = {
			isa = PBXVariantGroup;
			children = (
				0AF254AE150DE83E000922AC /* en */,
			);
			name = InfoPlist.strings;
			sourceTree = "<group>";
		};
/* End PBXVariantGroup section */

/* Begin XCBuildConfiguration section */
		0AF254B3150DE83E000922AC /* Debug */ = {
			isa = XCBuildConfiguration;
			buildSettings = {
				ALWAYS_SEARCH_USER_PATHS = NO;
				ARCHS = "$(ARCHS_STANDARD_32_BIT)";
				CLANG_ENABLE_OBJC_ARC = YES;
				"CODE_SIGN_IDENTITY[sdk=iphoneos*]" = "iPhone Developer";
				COPY_PHASE_STRIP = NO;
				GCC_C_LANGUAGE_STANDARD = gnu99;
				GCC_DYNAMIC_NO_PIC = NO;
				GCC_OPTIMIZATION_LEVEL = 0;
				GCC_PREPROCESSOR_DEFINITIONS = (
					"DEBUG=1",
					"$(inherited)",
				);
				GCC_SYMBOLS_PRIVATE_EXTERN = NO;
				GCC_VERSION = com.apple.compilers.llvm.clang.1_0;
				GCC_WARN_ABOUT_MISSING_PROTOTYPES = YES;
				GCC_WARN_ABOUT_RETURN_TYPE = YES;
				GCC_WARN_UNUSED_VARIABLE = YES;
				IPHONEOS_DEPLOYMENT_TARGET = 5.0;
				SDKROOT = iphoneos;
				TARGETED_DEVICE_FAMILY = "1,2";
			};
			name = Debug;
		};
		0AF254B4150DE83E000922AC /* Release */ = {
			isa = XCBuildConfiguration;
			buildSettings = {
				ALWAYS_SEARCH_USER_PATHS = NO;
				ARCHS = "$(ARCHS_STANDARD_32_BIT)";
				CLANG_ENABLE_OBJC_ARC = YES;
				"CODE_SIGN_IDENTITY[sdk=iphoneos*]" = "iPhone Developer";
				COPY_PHASE_STRIP = YES;
				GCC_C_LANGUAGE_STANDARD = gnu99;
				GCC_VERSION = com.apple.compilers.llvm.clang.1_0;
				GCC_WARN_ABOUT_MISSING_PROTOTYPES = YES;
				GCC_WARN_ABOUT_RETURN_TYPE = YES;
				GCC_WARN_UNUSED_VARIABLE = YES;
				IPHONEOS_DEPLOYMENT_TARGET = 5.0;
				OTHER_CFLAGS = "-DNS_BLOCK_ASSERTIONS=1";
				SDKROOT = iphoneos;
				TARGETED_DEVICE_FAMILY = "1,2";
				VALIDATE_PRODUCT = YES;
			};
			name = Release;
		};
		0AF254B6150DE83E000922AC /* Debug */ = {
			isa = XCBuildConfiguration;
			buildSettings = {
				GCC_PRECOMPILE_PREFIX_HEADER = YES;
				GCC_PREFIX_HEADER = "OFLunch/OFLunch-Prefix.pch";
				INFOPLIST_FILE = "OFLunch/OFLunch-Info.plist";
				PRODUCT_NAME = "$(TARGET_NAME)";
				WRAPPER_EXTENSION = app;
			};
			name = Debug;
		};
		0AF254B7150DE83E000922AC /* Release */ = {
			isa = XCBuildConfiguration;
			buildSettings = {
				GCC_PRECOMPILE_PREFIX_HEADER = YES;
				GCC_PREFIX_HEADER = "OFLunch/OFLunch-Prefix.pch";
				INFOPLIST_FILE = "OFLunch/OFLunch-Info.plist";
				PRODUCT_NAME = "$(TARGET_NAME)";
				WRAPPER_EXTENSION = app;
			};
			name = Release;
		};
		0AF254B9150DE83E000922AC /* Debug */ = {
			isa = XCBuildConfiguration;
			buildSettings = {
				BUNDLE_LOADER = "$(BUILT_PRODUCTS_DIR)/OFLunch.app/OFLunch";
				FRAMEWORK_SEARCH_PATHS = (
					"$(SDKROOT)/Developer/Library/Frameworks",
					"$(DEVELOPER_LIBRARY_DIR)/Frameworks",
				);
				GCC_PRECOMPILE_PREFIX_HEADER = YES;
				GCC_PREFIX_HEADER = "OFLunch/OFLunch-Prefix.pch";
				INFOPLIST_FILE = "OFLunchTests/OFLunchTests-Info.plist";
				PRODUCT_NAME = "$(TARGET_NAME)";
				TEST_HOST = "$(BUNDLE_LOADER)";
				WRAPPER_EXTENSION = octest;
			};
			name = Debug;
		};
		0AF254BA150DE83E000922AC /* Release */ = {
			isa = XCBuildConfiguration;
			buildSettings = {
				BUNDLE_LOADER = "$(BUILT_PRODUCTS_DIR)/OFLunch.app/OFLunch";
				FRAMEWORK_SEARCH_PATHS = (
					"$(SDKROOT)/Developer/Library/Frameworks",
					"$(DEVELOPER_LIBRARY_DIR)/Frameworks",
				);
				GCC_PRECOMPILE_PREFIX_HEADER = YES;
				GCC_PREFIX_HEADER = "OFLunch/OFLunch-Prefix.pch";
				INFOPLIST_FILE = "OFLunchTests/OFLunchTests-Info.plist";
				PRODUCT_NAME = "$(TARGET_NAME)";
				TEST_HOST = "$(BUNDLE_LOADER)";
				WRAPPER_EXTENSION = octest;
			};
			name = Release;
		};
/* End XCBuildConfiguration section */

/* Begin XCConfigurationList section */
		0AF25482150DE83E000922AC /* Build configuration list for PBXProject "OFLunch" */ = {
			isa = XCConfigurationList;
			buildConfigurations = (
				0AF254B3150DE83E000922AC /* Debug */,
				0AF254B4150DE83E000922AC /* Release */,
			);
			defaultConfigurationIsVisible = 0;
			defaultConfigurationName = Release;
		};
		0AF254B5150DE83E000922AC /* Build configuration list for PBXNativeTarget "OFLunch" */ = {
			isa = XCConfigurationList;
			buildConfigurations = (
				0AF254B6150DE83E000922AC /* Debug */,
				0AF254B7150DE83E000922AC /* Release */,
			);
			defaultConfigurationIsVisible = 0;
		};
		0AF254B8150DE83E000922AC /* Build configuration list for PBXNativeTarget "OFLunchTests" */ = {
			isa = XCConfigurationList;
			buildConfigurations = (
				0AF254B9150DE83E000922AC /* Debug */,
				0AF254BA150DE83E000922AC /* Release */,
			);
			defaultConfigurationIsVisible = 0;
		};
/* End XCConfigurationList section */
	};
	rootObject = 0AF2547F150DE83E000922AC /* Project object */;
}
